{
  "name": "eo1-workaround",
  "version": "1.0.0",
  "lockfileVersion": 1,
  "requires": true,
  "dependencies": {
    "art-club-redux": {
      "version": "github:christianboyle/art-club-redux#e03206670374f11a8da5d771c4322c2ac5d7653a",
      "from": "github:christianboyle/art-club-redux"
    }
  }
}
